{
  "version": 4,
  "terraform_version": "1.1.6",
  "serial": 21,
  "lineage": "76bd124c-9e52-aafc-fb27-93a11925af7f",
  "outputs": {},
  "resources": [
    {
      "mode": "data",
      "type": "google_iam_policy",
      "name": "admin",
      "provider": "provider[\"registry.terraform.io/hashicorp/google\"]",
      "instances": [
        {
          "schema_version": 0,
          "attributes": {
            "audit_config": null,
            "binding": [
              {
                "condition": [],
                "members": [
                  "serviceAccount:thri-name@thri-petproject.iam.gserviceaccount.com"
                ],
                "role": "roles/artifactregistry.repoAdmin"
              }
            ],
            "id": "3338616261",
            "policy_data": "{\"bindings\":[{\"members\":[\"serviceAccount:thri-name@thri-petproject.iam.gserviceaccount.com\"],\"role\":\"roles/artifactregistry.repoAdmin\"}]}"
          },
          "sensitive_attributes": []
        }
      ]
    },
    {
      "mode": "managed",
      "type": "google_artifact_registry_repository",
      "name": "my-repo",
      "provider": "provider[\"registry.terraform.io/hashicorp/google-beta\"]",
      "instances": [
        {
          "schema_version": 0,
          "attributes": {
            "create_time": "2022-03-10T12:01:29.759007Z",
            "description": "example docker repository with cmek",
            "format": "DOCKER",
            "id": "projects/thri-petproject/locations/europe-west1/repositories/my-repository",
            "kms_key_name": "",
            "labels": {},
            "location": "europe-west1",
            "name": "my-repository",
            "project": "thri-petproject",
            "repository_id": "my-repository",
            "timeouts": null,
            "update_time": "2022-03-10T12:01:29.759007Z"
          },
          "sensitive_attributes": [],
          "private": "eyJlMmJmYjczMC1lY2FhLTExZTYtOGY4OC0zNDM2M2JjN2M0YzAiOnsiY3JlYXRlIjoxMjAwMDAwMDAwMDAwLCJkZWxldGUiOjEyMDAwMDAwMDAwMDAsInVwZGF0ZSI6MTIwMDAwMDAwMDAwMH19"
        }
      ]
    },
    {
      "mode": "managed",
      "type": "google_artifact_registry_repository_iam_member",
      "name": "test-iam",
      "provider": "provider[\"registry.terraform.io/hashicorp/google-beta\"]",
      "instances": [
        {
          "schema_version": 0,
          "attributes": {
            "condition": [],
            "etag": "BwXZ2/2k6Lg=",
            "id": "projects/thri-petproject/locations/europe-west1/repositories/my-repository/roles/artifactregistry.reader/serviceAccount:thri-name@thri-petproject.iam.gserviceaccount.com",
            "location": "europe-west1",
            "member": "serviceAccount:thri-name@thri-petproject.iam.gserviceaccount.com",
            "project": "thri-petproject",
            "repository": "projects/thri-petproject/locations/europe-west1/repositories/my-repository",
            "role": "roles/artifactregistry.reader"
          },
          "sensitive_attributes": [],
          "private": "bnVsbA==",
          "dependencies": [
            "google_artifact_registry_repository.my-repo",
            "google_service_account.thri-name"
          ]
        }
      ]
    },
    {
      "mode": "managed",
      "type": "google_compute_firewall",
      "name": "allowbasic",
      "provider": "provider[\"registry.terraform.io/hashicorp/google\"]",
      "instances": [
        {
          "schema_version": 1,
          "attributes": {
            "allow": [
              {
                "ports": [
                  "443"
                ],
                "protocol": "tcp"
              }
            ],
            "creation_timestamp": "2022-03-10T04:01:29.084-08:00",
            "deny": [],
            "description": "",
            "destination_ranges": [
              "199.36.153.8/30",
              "82.38.176.208/28"
            ],
            "direction": "EGRESS",
            "disabled": false,
            "enable_logging": null,
            "id": "projects/thri-petproject/global/firewalls/allow-googleapis",
            "log_config": [],
            "name": "allow-googleapis",
            "network": "https://www.googleapis.com/compute/v1/projects/thri-petproject/global/networks/pet-vpc",
            "priority": 1000,
            "project": "thri-petproject",
            "self_link": "https://www.googleapis.com/compute/v1/projects/thri-petproject/global/firewalls/allow-googleapis",
            "source_ranges": [],
            "source_service_accounts": [],
            "source_tags": [],
            "target_service_accounts": [],
            "target_tags": [
              "allow-google-apis"
            ],
            "timeouts": null
          },
          "sensitive_attributes": [],
          "private": "eyJlMmJmYjczMC1lY2FhLTExZTYtOGY4OC0zNDM2M2JjN2M0YzAiOnsiY3JlYXRlIjoxMjAwMDAwMDAwMDAwLCJkZWxldGUiOjEyMDAwMDAwMDAwMDAsInVwZGF0ZSI6MTIwMDAwMDAwMDAwMH0sInNjaGVtYV92ZXJzaW9uIjoiMSJ9"
        }
      ]
    },
    {
      "mode": "managed",
      "type": "google_compute_network",
      "name": "vpc_net_petproj3",
      "provider": "provider[\"registry.terraform.io/hashicorp/google\"]",
      "instances": [
        {
          "schema_version": 0,
          "attributes": {
            "auto_create_subnetworks": false,
            "delete_default_routes_on_create": false,
            "description": "",
            "gateway_ipv4": "",
            "id": "projects/thri-petproject/global/networks/pet-vpc",
            "mtu": 0,
            "name": "pet-vpc",
            "project": "thri-petproject",
            "routing_mode": "REGIONAL",
            "self_link": "https://www.googleapis.com/compute/v1/projects/thri-petproject/global/networks/pet-vpc",
            "timeouts": null
          },
          "sensitive_attributes": [],
          "private": "eyJlMmJmYjczMC1lY2FhLTExZTYtOGY4OC0zNDM2M2JjN2M0YzAiOnsiY3JlYXRlIjoxMjAwMDAwMDAwMDAwLCJkZWxldGUiOjEyMDAwMDAwMDAwMDAsInVwZGF0ZSI6MTIwMDAwMDAwMDAwMH19"
        }
      ]
    },
    {
      "mode": "managed",
      "type": "google_compute_router",
      "name": "router",
      "provider": "provider[\"registry.terraform.io/hashicorp/google\"]",
      "instances": [
        {
          "schema_version": 0,
          "attributes": {
            "bgp": [],
            "creation_timestamp": "2022-03-10T03:46:36.231-08:00",
            "description": "",
            "encrypted_interconnect_router": false,
            "id": "projects/thri-petproject/regions/europe-west1/routers/clusterpetproj-artifact-cloud-router",
            "name": "clusterpetproj-artifact-cloud-router",
            "network": "https://www.googleapis.com/compute/v1/projects/thri-petproject/global/networks/pet-vpc",
            "project": "thri-petproject",
            "region": "europe-west1",
            "self_link": "https://www.googleapis.com/compute/v1/projects/thri-petproject/regions/europe-west1/routers/clusterpetproj-artifact-cloud-router",
            "timeouts": null
          },
          "sensitive_attributes": [],
          "private": "eyJlMmJmYjczMC1lY2FhLTExZTYtOGY4OC0zNDM2M2JjN2M0YzAiOnsiY3JlYXRlIjoxMjAwMDAwMDAwMDAwLCJkZWxldGUiOjEyMDAwMDAwMDAwMDAsInVwZGF0ZSI6MTIwMDAwMDAwMDAwMH19",
          "dependencies": [
            "google_compute_network.vpc_net_petproj3"
          ]
        }
      ]
    },
    {
      "mode": "managed",
      "type": "google_compute_router_nat",
      "name": "nat2",
      "provider": "provider[\"registry.terraform.io/hashicorp/google\"]",
      "instances": []
    },
    {
      "mode": "managed",
      "type": "google_compute_subnetwork",
      "name": "vpc_subnet_pet",
      "provider": "provider[\"registry.terraform.io/hashicorp/google\"]",
      "instances": [
        {
          "schema_version": 0,
          "attributes": {
            "creation_timestamp": "2022-03-10T03:46:36.737-08:00",
            "description": "",
            "external_ipv6_prefix": "",
            "fingerprint": null,
            "gateway_address": "192.168.0.1",
            "id": "projects/thri-petproject/regions/europe-west1/subnetworks/sub-pet-vpc",
            "ip_cidr_range": "192.168.0.0/20",
            "ipv6_access_type": "",
            "ipv6_cidr_range": "",
            "log_config": [],
            "name": "sub-pet-vpc",
            "network": "https://www.googleapis.com/compute/v1/projects/thri-petproject/global/networks/pet-vpc",
            "private_ip_google_access": false,
            "private_ipv6_google_access": "DISABLE_GOOGLE_ACCESS",
            "project": "thri-petproject",
            "purpose": "PRIVATE",
            "region": "europe-west1",
            "role": "",
            "secondary_ip_range": [
              {
                "ip_cidr_range": "10.4.0.0/14",
                "range_name": "subnetpetpod"
              },
              {
                "ip_cidr_range": "10.0.32.0/20",
                "range_name": "public-services-petproject"
              }
            ],
            "self_link": "https://www.googleapis.com/compute/v1/projects/thri-petproject/regions/europe-west1/subnetworks/sub-pet-vpc",
            "stack_type": "IPV4_ONLY",
            "timeouts": null
          },
          "sensitive_attributes": [],
          "private": "eyJlMmJmYjczMC1lY2FhLTExZTYtOGY4OC0zNDM2M2JjN2M0YzAiOnsiY3JlYXRlIjoxMjAwMDAwMDAwMDAwLCJkZWxldGUiOjEyMDAwMDAwMDAwMDAsInVwZGF0ZSI6MTIwMDAwMDAwMDAwMH19",
          "dependencies": [
            "google_compute_network.vpc_net_petproj3"
          ]
        }
      ]
    },
    {
      "mode": "managed",
      "type": "google_container_cluster",
      "name": "cluster_set",
      "provider": "provider[\"registry.terraform.io/hashicorp/google\"]",
      "instances": [
        {
          "schema_version": 1,
          "attributes": {
            "addons_config": [
              {
                "cloudrun_config": [],
                "gcp_filestore_csi_driver_config": [],
                "horizontal_pod_autoscaling": [],
                "http_load_balancing": [],
                "network_policy_config": [
                  {
                    "disabled": true
                  }
                ]
              }
            ],
            "authenticator_groups_config": [],
            "cluster_autoscaling": [
              {
                "auto_provisioning_defaults": [],
                "enabled": false,
                "resource_limits": []
              }
            ],
            "cluster_ipv4_cidr": "10.4.0.0/14",
            "confidential_nodes": [],
            "database_encryption": [
              {
                "key_name": "",
                "state": "DECRYPTED"
              }
            ],
            "datapath_provider": "",
            "default_max_pods_per_node": 110,
            "default_snat_status": [
              {
                "disabled": false
              }
            ],
            "description": "",
            "dns_config": [],
            "enable_autopilot": false,
            "enable_binary_authorization": false,
            "enable_intranode_visibility": false,
            "enable_kubernetes_alpha": false,
            "enable_legacy_abac": false,
            "enable_shielded_nodes": true,
            "enable_tpu": false,
            "endpoint": "172.16.0.34",
            "id": "projects/thri-petproject/locations/europe-west1/clusters/clusterpetproj-artifact",
            "initial_node_count": 1,
            "ip_allocation_policy": [
              {
                "cluster_ipv4_cidr_block": "10.4.0.0/14",
                "cluster_secondary_range_name": "subnetpetpod",
                "services_ipv4_cidr_block": "10.0.32.0/20",
                "services_secondary_range_name": "public-services-petproject"
              }
            ],
            "label_fingerprint": "a9dc16a7",
            "location": "europe-west1",
            "logging_config": [
              {
                "enable_components": [
                  "SYSTEM_COMPONENTS",
                  "WORKLOADS"
                ]
              }
            ],
            "logging_service": "logging.googleapis.com/kubernetes",
            "maintenance_policy": [],
            "master_auth": [
              {
                "client_certificate": "",
                "client_certificate_config": [
                  {
                    "issue_client_certificate": false
                  }
                ],
                "client_key": "",
                "cluster_ca_certificate": "LS0tLS1CRUdJTiBDRVJUSUZJQ0FURS0tLS0tCk1JSUVMVENDQXBXZ0F3SUJBZ0lSQU84cG93c2h3YTdTTlJpRmVCVmNCTzR3RFFZSktvWklodmNOQVFFTEJRQXcKTHpFdE1Dc0dBMVVFQXhNa1lUSTNabVkzWVdVdFpHTmhNeTAwWkdNMUxUZ3pPR1l0WTJFME9UZzNOMkUxTmpOaApNQ0FYRFRJeU1ETXhNREV3TkRjeE9Wb1lEekl3TlRJd016QXlNVEUwTnpFNVdqQXZNUzB3S3dZRFZRUURFeVJoCk1qZG1aamRoWlMxa1kyRXpMVFJrWXpVdE9ETTRaaTFqWVRRNU9EYzNZVFUyTTJFd2dnR2lNQTBHQ1NxR1NJYjMKRFFFQkFRVUFBNElCandBd2dnR0tBb0lCZ1FESjZuNURjTkEza05hZVNOTHhZVzRMSWF4N2dvRUs3SkRXT2pNLwpHcWp3TUpva3FjMGZkT0FMOU9ldzdwQk1SWW5pLzlmNEdFcmwzYkwzdzdYVkFGYlc1NEtFMXhHQno4T1dwSTVMClg3RWREZXVOdDlyRTRqYUFpVFdkZFpiNVUrd3prRml6MXVCUDZCM2JDUktBcGV6MStQUVQ0bWZpcFNEQ0toRTAKNitqc3NjOFloRHUrQS85ZEFTRGNZRVhGMVg0Q0VDUlBhZVF4N2FoNnNsZHQrSDFtUmNXVDZPSWZYWHo1elZrZwozWmhYUzk1bDVMRlFuT25tbXJtbkttOXU2QmhPYnh6TE9Zc3BDYWROby81Q2c1S2JoZjVQMVVwTGl3b3hDN0RDCi9FMFZZQUhTS3ZJb2pIVVBKbjlZUUVkTVIva0RqZGVWdWk0b1lzTGVtUzByS3piNUJ4d0haTGFudERIWHcwdy8KclFNSW80VmZ0QWtzZGUxYjNueHBIWFBzLzh6U1hDaENyRGtHelptSGJuVHVqQ3BjbVdkNHFKaXM3QXpYQ0lqUQp2dkNqZkJWOHZwVW9hL3llNW9lQ3BlRGFKdGVSalYwelNQL3kzNkRRZmJuSlBGUzJhT2ZFSFl0eHNCcFl4TGR4CjhFSEVZcCszbE8ya053L0hDeVgrd3FQdUozRUNBd0VBQWFOQ01FQXdEZ1lEVlIwUEFRSC9CQVFEQWdJRU1BOEcKQTFVZEV3RUIvd1FGTUFNQkFmOHdIUVlEVlIwT0JCWUVGQUtDZ0I1V1duMDQ4RVl3aGpmVFoySVFXNTdqTUEwRwpDU3FHU0liM0RRRUJDd1VBQTRJQmdRQnBpYzBRcFh5ZE1VR0lIcHVTa3E2ME9TY3NiakRwSWtyNVlCcndjLzRKCmx6ZXZmakJZSmNCbTFjMnl0b3FVQkFVejJ1RGxpRGFNSGxBWk5BZkFiWlZoS1JaOGdnSWVGT3BqNElGaEtjMlgKNEVzUnZCdmNWeWxycVYxNVY5WVhNc0ZwRC9QeFlralI3MWxOWTZQTVA2TDFwNHNVeWhOMUY3UTZPR3R3SlJqWApkSWxUbTYyODdFbXpaajlxdGJ6U2U3dElFQjJCR3hTZGw1bHdudDhFNkw1cnJsTDYvcnhtWWdQNjFxNkRDa1FECjQ4aUJZelVhSW4vNEFXLzVGdCtleXBaTjJQZlNDdjJiWXZPUDRYSFhuOHJ4VmJqRjhtN05Pdng2TWlOdXdCK1MKQUdDLzkxUy9yNVRNM2QwdCtvTWVnTm1VU1VOYmFrOWFrRzN6OUNhYm0zNC9DSktLQldWK2l2eXJHVnJQZEp5RwpBZWtPTmhXNVMvekVqYytYeGZ2ajNkUkFnNUNxT29NQWJZWkhKY3Y4V1orc0haQk1mdlU5S0hWSm1lemJOWk9XCjNudnhRczljdFZ0cFZyRHNKV0RRUHkraHc1cmRJK0VwaHlQdHQzcFQvaW5KVTB3bm1ZYS9xTHlFWWpqVmM1RFcKL0laanZOY0o1K2pCWHptSGhZelJ2K0U9Ci0tLS0tRU5EIENFUlRJRklDQVRFLS0tLS0K"
              }
            ],
            "master_authorized_networks_config": [
              {
                "cidr_blocks": []
              }
            ],
            "master_version": "1.21.6-gke.1503",
            "min_master_version": null,
            "monitoring_config": [
              {
                "enable_components": [
                  "SYSTEM_COMPONENTS"
                ]
              }
            ],
            "monitoring_service": "monitoring.googleapis.com/kubernetes",
            "name": "clusterpetproj-artifact",
            "network": "projects/thri-petproject/global/networks/pet-vpc",
            "network_policy": [
              {
                "enabled": false,
                "provider": "PROVIDER_UNSPECIFIED"
              }
            ],
            "networking_mode": "VPC_NATIVE",
            "node_config": [
              {
                "boot_disk_kms_key": "",
                "disk_size_gb": 50,
                "disk_type": "pd-standard",
                "gcfs_config": [],
                "guest_accelerator": [],
                "image_type": "COS_CONTAINERD",
                "labels": {},
                "local_ssd_count": 0,
                "machine_type": "n1-standard-2",
                "metadata": {
                  "disable-legacy-endpoints": "true"
                },
                "min_cpu_platform": "",
                "node_group": "",
                "oauth_scopes": [
                  "https://www.googleapis.com/auth/cloud-platform",
                  "https://www.googleapis.com/auth/compute",
                  "https://www.googleapis.com/auth/devstorage.read_write",
                  "https://www.googleapis.com/auth/logging.write",
                  "https://www.googleapis.com/auth/monitoring",
                  "https://www.googleapis.com/auth/service.management.readonly",
                  "https://www.googleapis.com/auth/servicecontrol",
                  "https://www.googleapis.com/auth/trace.append"
                ],
                "preemptible": true,
                "service_account": "petproject@thri-petproject.iam.gserviceaccount.com",
                "shielded_instance_config": [
                  {
                    "enable_integrity_monitoring": true,
                    "enable_secure_boot": false
                  }
                ],
                "tags": [
                  "allow-google-apis"
                ],
                "taint": [],
                "workload_metadata_config": []
              }
            ],
            "node_locations": [
              "europe-west1-b",
              "europe-west1-c",
              "europe-west1-d"
            ],
            "node_pool": [
              {
                "autoscaling": [
                  {
                    "max_node_count": 3,
                    "min_node_count": 1
                  }
                ],
                "initial_node_count": 2,
                "instance_group_urls": [
                  "https://www.googleapis.com/compute/v1/projects/thri-petproject/zones/europe-west1-b/instanceGroupManagers/gke-clusterpetproj-a-dummynodecluster-3aa2d182-grp",
                  "https://www.googleapis.com/compute/v1/projects/thri-petproject/zones/europe-west1-c/instanceGroupManagers/gke-clusterpetproj-a-dummynodecluster-f33b1981-grp",
                  "https://www.googleapis.com/compute/v1/projects/thri-petproject/zones/europe-west1-d/instanceGroupManagers/gke-clusterpetproj-a-dummynodecluster-b836d095-grp"
                ],
                "managed_instance_group_urls": [
                  "https://www.googleapis.com/compute/v1/projects/thri-petproject/zones/europe-west1-b/instanceGroups/gke-clusterpetproj-a-dummynodecluster-3aa2d182-grp",
                  "https://www.googleapis.com/compute/v1/projects/thri-petproject/zones/europe-west1-c/instanceGroups/gke-clusterpetproj-a-dummynodecluster-f33b1981-grp",
                  "https://www.googleapis.com/compute/v1/projects/thri-petproject/zones/europe-west1-d/instanceGroups/gke-clusterpetproj-a-dummynodecluster-b836d095-grp"
                ],
                "management": [
                  {
                    "auto_repair": true,
                    "auto_upgrade": true
                  }
                ],
                "max_pods_per_node": 110,
                "name": "dummynodecluster",
                "name_prefix": "",
                "node_config": [
                  {
                    "boot_disk_kms_key": "",
                    "disk_size_gb": 50,
                    "disk_type": "pd-standard",
                    "gcfs_config": [],
                    "guest_accelerator": [],
                    "image_type": "COS_CONTAINERD",
                    "labels": {},
                    "local_ssd_count": 0,
                    "machine_type": "n1-standard-2",
                    "metadata": {
                      "disable-legacy-endpoints": "true"
                    },
                    "min_cpu_platform": "",
                    "node_group": "",
                    "oauth_scopes": [
                      "https://www.googleapis.com/auth/cloud-platform",
                      "https://www.googleapis.com/auth/compute",
                      "https://www.googleapis.com/auth/devstorage.read_write",
                      "https://www.googleapis.com/auth/logging.write",
                      "https://www.googleapis.com/auth/monitoring",
                      "https://www.googleapis.com/auth/service.management.readonly",
                      "https://www.googleapis.com/auth/servicecontrol",
                      "https://www.googleapis.com/auth/trace.append"
                    ],
                    "preemptible": true,
                    "service_account": "petproject@thri-petproject.iam.gserviceaccount.com",
                    "shielded_instance_config": [
                      {
                        "enable_integrity_monitoring": true,
                        "enable_secure_boot": false
                      }
                    ],
                    "tags": [
                      "allow-google-apis"
                    ],
                    "taint": [],
                    "workload_metadata_config": []
                  }
                ],
                "node_count": 2,
                "node_locations": [
                  "europe-west1-b",
                  "europe-west1-c",
                  "europe-west1-d"
                ],
                "upgrade_settings": [
                  {
                    "max_surge": 1,
                    "max_unavailable": 0
                  }
                ],
                "version": "1.21.6-gke.1503"
              }
            ],
            "node_version": "1.21.6-gke.1503",
            "operation": null,
            "private_cluster_config": [
              {
                "enable_private_endpoint": true,
                "enable_private_nodes": true,
                "master_global_access_config": [
                  {
                    "enabled": true
                  }
                ],
                "master_ipv4_cidr_block": "172.16.0.32/28",
                "peering_name": "gke-nbea5f1df3db522a91ac-ddd6-f7de-peer",
                "private_endpoint": "172.16.0.34",
                "public_endpoint": "104.155.80.195"
              }
            ],
            "private_ipv6_google_access": "",
            "project": "thri-petproject",
            "release_channel": [
              {
                "channel": "REGULAR"
              }
            ],
            "remove_default_node_pool": true,
            "resource_labels": {},
            "resource_usage_export_config": [],
            "self_link": "https://container.googleapis.com/v1/projects/thri-petproject/locations/europe-west1/clusters/clusterpetproj-artifact",
            "services_ipv4_cidr": "10.0.32.0/20",
            "subnetwork": "projects/thri-petproject/regions/europe-west1/subnetworks/sub-pet-vpc",
            "timeouts": null,
            "tpu_ipv4_cidr_block": "",
            "vertical_pod_autoscaling": [],
            "workload_identity_config": []
          },
          "sensitive_attributes": [],
          "private": "eyJlMmJmYjczMC1lY2FhLTExZTYtOGY4OC0zNDM2M2JjN2M0YzAiOnsiY3JlYXRlIjoyNDAwMDAwMDAwMDAwLCJkZWxldGUiOjI0MDAwMDAwMDAwMDAsInJlYWQiOjI0MDAwMDAwMDAwMDAsInVwZGF0ZSI6MzYwMDAwMDAwMDAwMH0sInNjaGVtYV92ZXJzaW9uIjoiMSJ9",
          "dependencies": [
            "google_compute_network.vpc_net_petproj3",
            "google_compute_subnetwork.vpc_subnet_pet"
          ]
        }
      ]
    },
    {
      "mode": "managed",
      "type": "google_container_node_pool",
      "name": "dummynode",
      "provider": "provider[\"registry.terraform.io/hashicorp/google\"]",
      "instances": [
        {
          "schema_version": 1,
          "attributes": {
            "autoscaling": [
              {
                "max_node_count": 3,
                "min_node_count": 1
              }
            ],
            "cluster": "clusterpetproj-artifact",
            "id": "projects/thri-petproject/locations/europe-west1/clusters/clusterpetproj-artifact/nodePools/dummynodecluster",
            "initial_node_count": 2,
            "instance_group_urls": [
              "https://www.googleapis.com/compute/v1/projects/thri-petproject/zones/europe-west1-b/instanceGroupManagers/gke-clusterpetproj-a-dummynodecluster-3aa2d182-grp",
              "https://www.googleapis.com/compute/v1/projects/thri-petproject/zones/europe-west1-c/instanceGroupManagers/gke-clusterpetproj-a-dummynodecluster-f33b1981-grp",
              "https://www.googleapis.com/compute/v1/projects/thri-petproject/zones/europe-west1-d/instanceGroupManagers/gke-clusterpetproj-a-dummynodecluster-b836d095-grp"
            ],
            "location": "europe-west1",
            "managed_instance_group_urls": [
              "https://www.googleapis.com/compute/v1/projects/thri-petproject/zones/europe-west1-b/instanceGroups/gke-clusterpetproj-a-dummynodecluster-3aa2d182-grp",
              "https://www.googleapis.com/compute/v1/projects/thri-petproject/zones/europe-west1-c/instanceGroups/gke-clusterpetproj-a-dummynodecluster-f33b1981-grp",
              "https://www.googleapis.com/compute/v1/projects/thri-petproject/zones/europe-west1-d/instanceGroups/gke-clusterpetproj-a-dummynodecluster-b836d095-grp"
            ],
            "management": [
              {
                "auto_repair": true,
                "auto_upgrade": true
              }
            ],
            "max_pods_per_node": 110,
            "name": "dummynodecluster",
            "name_prefix": "",
            "node_config": [
              {
                "boot_disk_kms_key": "",
                "disk_size_gb": 50,
                "disk_type": "pd-standard",
                "gcfs_config": [],
                "guest_accelerator": [],
                "image_type": "COS_CONTAINERD",
                "labels": {},
                "local_ssd_count": 0,
                "machine_type": "n1-standard-2",
                "metadata": {
                  "disable-legacy-endpoints": "true"
                },
                "min_cpu_platform": "",
                "node_group": "",
                "oauth_scopes": [
                  "https://www.googleapis.com/auth/cloud-platform",
                  "https://www.googleapis.com/auth/compute",
                  "https://www.googleapis.com/auth/devstorage.read_write",
                  "https://www.googleapis.com/auth/logging.write",
                  "https://www.googleapis.com/auth/monitoring",
                  "https://www.googleapis.com/auth/service.management.readonly",
                  "https://www.googleapis.com/auth/servicecontrol",
                  "https://www.googleapis.com/auth/trace.append"
                ],
                "preemptible": true,
                "service_account": "petproject@thri-petproject.iam.gserviceaccount.com",
                "shielded_instance_config": [
                  {
                    "enable_integrity_monitoring": true,
                    "enable_secure_boot": false
                  }
                ],
                "tags": [
                  "allow-google-apis"
                ],
                "taint": [],
                "workload_metadata_config": []
              }
            ],
            "node_count": 2,
            "node_locations": [
              "europe-west1-b",
              "europe-west1-c",
              "europe-west1-d"
            ],
            "operation": null,
            "project": "thri-petproject",
            "timeouts": null,
            "upgrade_settings": [
              {
                "max_surge": 1,
                "max_unavailable": 0
              }
            ],
            "version": "1.21.6-gke.1503"
          },
          "sensitive_attributes": [],
          "private": "eyJlMmJmYjczMC1lY2FhLTExZTYtOGY4OC0zNDM2M2JjN2M0YzAiOnsiY3JlYXRlIjoxODAwMDAwMDAwMDAwLCJkZWxldGUiOjE4MDAwMDAwMDAwMDAsInVwZGF0ZSI6MTgwMDAwMDAwMDAwMH0sInNjaGVtYV92ZXJzaW9uIjoiMSJ9",
          "dependencies": [
            "google_compute_network.vpc_net_petproj3",
            "google_compute_subnetwork.vpc_subnet_pet",
            "google_container_cluster.cluster_set"
          ]
        }
      ]
    },
    {
      "mode": "managed",
      "type": "google_service_account",
      "name": "thri-name",
      "provider": "provider[\"registry.terraform.io/hashicorp/google\"]",
      "instances": [
        {
          "schema_version": 0,
          "attributes": {
            "account_id": "thri-name",
            "description": "",
            "disabled": false,
            "display_name": "thrinad",
            "email": "thri-name@thri-petproject.iam.gserviceaccount.com",
            "id": "projects/thri-petproject/serviceAccounts/thri-name@thri-petproject.iam.gserviceaccount.com",
            "name": "projects/thri-petproject/serviceAccounts/thri-name@thri-petproject.iam.gserviceaccount.com",
            "project": "thri-petproject",
            "timeouts": null,
            "unique_id": "108480925607940009330"
          },
          "sensitive_attributes": [],
          "private": "eyJlMmJmYjczMC1lY2FhLTExZTYtOGY4OC0zNDM2M2JjN2M0YzAiOnsiY3JlYXRlIjozMDAwMDAwMDAwMDB9fQ=="
        }
      ]
    }
  ]
}
